// !$*UTF8*$!
{
	archiveVersion = 1;
	classes = {
	};
	objectVersion = 46;
	objects = {

/* Begin PBXBuildFile section */
		4AC1FEF91F2BB58100613334 /* AppDelegate.swift in Sources */ = {isa = PBXBuildFile; fileRef = 4AC1FEF81F2BB58100613334 /* AppDelegate.swift */; };
		4AC1FEFB1F2BB58100613334 /* ViewController.swift in Sources */ = {isa = PBXBuildFile; fileRef = 4AC1FEFA1F2BB58100613334 /* ViewController.swift */; };
		4AC1FEFE1F2BB58100613334 /* Main.storyboard in Resources */ = {isa = PBXBuildFile; fileRef = 4AC1FEFC1F2BB58100613334 /* Main.storyboard */; };
		4AC1FF011F2BB58100613334 /* MoreWithMaps.xcdatamodeld in Sources */ = {isa = PBXBuildFile; fileRef = 4AC1FEFF1F2BB58100613334 /* MoreWithMaps.xcdatamodeld */; };
		4AC1FF031F2BB58200613334 /* Assets.xcassets in Resources */ = {isa = PBXBuildFile; fileRef = 4AC1FF021F2BB58200613334 /* Assets.xcassets */; };
		4AC1FF061F2BB58200613334 /* LaunchScreen.storyboard in Resources */ = {isa = PBXBuildFile; fileRef = 4AC1FF041F2BB58200613334 /* LaunchScreen.storyboard */; };
/* End PBXBuildFile section */

/* Begin PBXFileReference section */
		4AC1FEF51F2BB58100613334 /* MoreWithMaps.app */ = {isa = PBXFileReference; explicitFileType = wrapper.application; includeInIndex = 0; path = MoreWithMaps.app; sourceTree = BUILT_PRODUCTS_DIR; };
		4AC1FEF81F2BB58100613334 /* AppDelegate.swift */ = {isa = PBXFileReference; lastKnownFileType = sourcecode.swift; path = AppDelegate.swift; sourceTree = "<group>"; };
		4AC1FEFA1F2BB58100613334 /* ViewController.swift */ = {isa = PBXFileReference; lastKnownFileType = sourcecode.swift; path = ViewController.swift; sourceTree = "<group>"; };
		4AC1FEFD1F2BB58100613334 /* Base */ = {isa = PBXFileReference; lastKnownFileType = file.storyboard; name = Base; path = Base.lproj/Main.storyboard; sourceTree = "<group>"; };
		4AC1FF001F2BB58100613334 /* MoreWithMaps.xcdatamodel */ = {isa = PBXFileReference; lastKnownFileType = wrapper.xcdatamodel; path = MoreWithMaps.xcdatamodel; sourceTree = "<group>"; };
		4AC1FF021F2BB58200613334 /* Assets.xcassets */ = {isa = PBXFileReference; lastKnownFileType = folder.assetcatalog; path = Assets.xcassets; sourceTree = "<group>"; };
		4AC1FF051F2BB58200613334 /* Base */ = {isa = PBXFileReference; lastKnownFileType = file.storyboard; name = Base; path = Base.lproj/LaunchScreen.storyboard; sourceTree = "<group>"; };
		4AC1FF071F2BB58200613334 /* Info.plist */ = {isa = PBXFileReference; lastKnownFileType = text.plist.xml; path = Info.plist; sourceTree = "<group>"; };
/* End PBXFileReference section */

/* Begin PBXFrameworksBuildPhase section */
		4AC1FEF21F2BB58100613334 /* Frameworks */ = {
			isa = PBXFrameworksBuildPhase;
			buildActionMask = 2147483647;
			files = (
			);
			runOnlyForDeploymentPostprocessing = 0;
		};
/* End PBXFrameworksBuildPhase section */

/* Begin PBXGroup section */
		4AC1FEEC1F2BB58100613334 = {
			isa = PBXGroup;
			children = (
				4AC1FEF71F2BB58100613334 /* MoreWithMaps */,
				4AC1FEF61F2BB58100613334 /* Products */,
			);
			sourceTree = "<group>";
		};
		4AC1FEF61F2BB58100613334 /* Products */ = {
			isa = PBXGroup;
			children = (
				4AC1FEF51F2BB58100613334 /* MoreWithMaps.app */,
			);
			name = Products;
			sourceTree = "<group>";
		};
		4AC1FEF71F2BB58100613334 /* MoreWithMaps */ = {
			isa = PBXGroup;
			children = (
				4AC1FEF81F2BB58100613334 /* AppDelegate.swift */,
				4AC1FEFA1F2BB58100613334 /* ViewController.swift */,
				4AC1FEFC1F2BB58100613334 /* Main.storyboard */,
				4AC1FF021F2BB58200613334 /* Assets.xcassets */,
				4AC1FF041F2BB58200613334 /* LaunchScreen.storyboard */,
				4AC1FF071F2BB58200613334 /* Info.plist */,
				4AC1FEFF1F2BB58100613334 /* MoreWithMaps.xcdatamodeld */,
			);
			path = MoreWithMaps;
			sourceTree = "<group>";
		};
/* End PBXGroup section */

/* Begin PBXNativeTarget section */
		4AC1FEF41F2BB58100613334 /* MoreWithMaps */ = {
			isa = PBXNativeTarget;
			buildConfigurationList = 4AC1FF0A1F2BB58200613334 /* Build configuration list for PBXNativeTarget "MoreWithMaps" */;
			buildPhases = (
				4AC1FEF11F2BB58100613334 /* Sources */,
				4AC1FEF21F2BB58100613334 /* Frameworks */,
				4AC1FEF31F2BB58100613334 /* Resources */,
			);
			buildRules = (
			);
			dependencies = (
			);
			name = MoreWithMaps;
			productName = MoreWithMaps;
			productReference = 4AC1FEF51F2BB58100613334 /* MoreWithMaps.app */;
			productType = "com.apple.product-type.application";
		};
/* End PBXNativeTarget section */

/* Begin PBXProject section */
		4AC1FEED1F2BB58100613334 /* Project object */ = {
			isa = PBXProject;
			attributes = {
				LastSwiftUpdateCheck = 0830;
				LastUpgradeCheck = 0830;
				ORGANIZATIONNAME = gergusa;
				TargetAttributes = {
					4AC1FEF41F2BB58100613334 = {
						CreatedOnToolsVersion = 8.3.2;
						DevelopmentTeam = XXXAJJ4LC9;
						ProvisioningStyle = Automatic;
					};
				};
			};
			buildConfigurationList = 4AC1FEF01F2BB58100613334 /* Build configuration list for PBXProject "MoreWithMaps" */;
			compatibilityVersion = "Xcode 3.2";
			developmentRegion = English;
			hasScannedForEncodings = 0;
			knownRegions = (
				en,
				Base,
			);
			mainGroup = 4AC1FEEC1F2BB58100613334;
			productRefGroup = 4AC1FEF61F2BB58100613334 /* Products */;
			projectDirPath = "";
			projectRoot = "";
			targets = (
				4AC1FEF41F2BB58100613334 /* MoreWithMaps */,
			);
		};
/* End PBXProject section */

/* Begin PBXResourcesBuildPhase section */
		4AC1FEF31F2BB58100613334 /* Resources */ = {
			isa = PBXResourcesBuildPhase;
			buildActionMask = 2147483647;
			files = (
				4AC1FF061F2BB58200613334 /* LaunchScreen.storyboard in Resources */,
				4AC1FF031F2BB58200613334 /* Assets.xcassets in Resources */,
				4AC1FEFE1F2BB58100613334 /* Main.storyboard in Resources */,
			);
			runOnlyForDeploymentPostprocessing = 0;
		};
/* End PBXResourcesBuildPhase section */

/* Begin PBXSourcesBuildPhase section */
		4AC1FEF11F2BB58100613334 /* Sources */ = {
			isa = PBXSourcesBuildPhase;
			buildActionMask = 2147483647;
			files = (
				4AC1FEFB1F2BB58100613334 /* ViewController.swift in Sources */,
				4AC1FEF91F2BB58100613334 /* AppDelegate.swift in Sources */,
				4AC1FF011F2BB58100613334 /* MoreWithMaps.xcdatamodeld in Sources */,
			);
			runOnlyForDeploymentPostprocessing = 0;
		};
/* End PBXSourcesBuildPhase section */

/* Begin PBXVariantGroup section */
		4AC1FEFC1F2BB58100613334 /* Main.storyboard */ = {
			isa = PBXVariantGroup;
			children = (
				4AC1FEFD1F2BB58100613334 /* Base */,
			);
			name = Main.storyboard;
			sourceTree = "<group>";
		};
		4AC1FF041F2BB58200613334 /* LaunchScreen.storyboard */ = {
			isa = PBXVariantGroup;
			children = (
				4AC1FF051F2BB58200613334 /* Base */,
			);
			name = LaunchScreen.storyboard;
			sourceTree = "<group>";
		};
/* End PBXVariantGroup section */

/* Begin XCBuildConfiguration section */
		4AC1FF081F2BB58200613334 /* Debug */ = {
			isa = XCBuildConfiguration;
			buildSettings = {
				ALWAYS_SEARCH_USER_PATHS = NO;
				CLANG_ANALYZER_NONNULL = YES;
				CLANG_ANALYZER_NUMBER_OBJECT_CONVERSION = YES_AGGRESSIVE;
				CLANG_CXX_LANGUAGE_STANDARD = "gnu++0x";
				CLANG_CXX_LIBRARY = "libc++";
				CLANG_ENABLE_MODULES = YES;
				CLANG_ENABLE_OBJC_ARC = YES;
				CLANG_WARN_BOOL_CONVERSION = YES;
				CLANG_WARN_CONSTANT_CONVERSION = YES;
				CLANG_WARN_DIRECT_OBJC_ISA_USAGE = YES_ERROR;
				CLANG_WARN_DOCUMENTATION_COMMENTS = YES;
				CLANG_WARN_EMPTY_BODY = YES;
				CLANG_WARN_ENUM_CONVERSION = YES;
				CLANG_WARN_INFINITE_RECURSION = YES;
				CLANG_WARN_INT_CONVERSION = YES;
				CLANG_WARN_OBJC_ROOT_CLASS = YES_ERROR;
				CLANG_WARN_SUSPICIOUS_MOVE = YES;
				CLANG_WARN_UNREACHABLE_CODE = YES;
				CLANG_WARN__DUPLICATE_METHOD_MATCH = YES;
				"CODE_SIGN_IDENTITY[sdk=iphoneos*]" = "iPhone Developer";
				COPY_PHASE_STRIP = NO;
				DEBUG_INFORMATION_FORMAT = dwarf;
				ENABLE_STRICT_OBJC_MSGSEND = YES;
				ENABLE_TESTABILITY = YES;
				GCC_C_LANGUAGE_STANDARD = gnu99;
				GCC_DYNAMIC_NO_PIC = NO;
				GCC_NO_COMMON_BLOCKS = YES;
				GCC_OPTIMIZATION_LEVEL = 0;
				GCC_PREPROCESSOR_DEFINITIONS = (
					"DEBUG=1",
					"$(inherited)",
				);
				GCC_WARN_64_TO_32_BIT_CONVERSION = YES;
				GCC_WARN_ABOUT_RETURN_TYPE = YES_ERROR;
				GCC_WARN_UNDECLARED_SELECTOR = YES;
				GCC_WARN_UNINITIALIZED_AUTOS = YES_AGGRESSIVE;
				GCC_WARN_UNUSED_FUNCTION = YES;
				GCC_WARN_UNUSED_VARIABLE = YES;
				IPHONEOS_DEPLOYMENT_TARGET = 10.3;
				MTL_ENABLE_DEBUG_INFO = YES;
				ONLY_ACTIVE_ARCH = YES;
				SDKROOT = iphoneos;
				SWIFT_ACTIVE_COMPILATION_CONDITIONS = DEBUG;
				SWIFT_OPTIMIZATION_LEVEL = "-Onone";
				TARGETED_DEVICE_FAMILY = "1,2";
			};
			name = Debug;
		};
		4AC1FF091F2BB58200613334 /* Release */ = {
			isa = XCBuildConfiguration;
			buildSettings = {
				ALWAYS_SEARCH_USER_PATHS = NO;
				CLANG_ANALYZER_NONNULL = YES;
				CLANG_ANALYZER_NUMBER_OBJECT_CONVERSION = YES_AGGRESSIVE;
				CLANG_CXX_LANGUAGE_STANDARD = "gnu++0x";
				CLANG_CXX_LIBRARY = "libc++";
				CLANG_ENABLE_MODULES = YES;
				CLANG_ENABLE_OBJC_ARC = YES;
				CLANG_WARN_BOOL_CONVERSION = YES;
				CLANG_WARN_CONSTANT_CONVERSION = YES;
				CLANG_WARN_DIRECT_OBJC_ISA_USAGE = YES_ERROR;
				CLANG_WARN_DOCUMENTATION_COMMENTS = YES;
				CLANG_WARN_EMPTY_BODY = YES;
				CLANG_WARN_ENUM_CONVERSION = YES;
				CLANG_WARN_INFINITE_RECURSION = YES;
				CLANG_WARN_INT_CONVERSION = YES;
				CLANG_WARN_OBJC_ROOT_CLASS = YES_ERROR;
				CLANG_WARN_SUSPICIOUS_MOVE = YES;
				CLANG_WARN_UNREACHABLE_CODE = YES;
				CLANG_WARN__DUPLICATE_METHOD_MATCH = YES;
				"CODE_SIGN_IDENTITY[sdk=iphoneos*]" = "iPhone Developer";
				COPY_PHASE_STRIP = NO;
				DEBUG_INFORMATION_FORMAT = "dwarf-with-dsym";
				ENABLE_NS_ASSERTIONS = NO;
				ENABLE_STRICT_OBJC_MSGSEND = YES;
				GCC_C_LANGUAGE_STANDARD = gnu99;
				GCC_NO_COMMON_BLOCKS = YES;
				GCC_WARN_64_TO_32_BIT_CONVERSION = YES;
				GCC_WARN_ABOUT_RETURN_TYPE = YES_ERROR;
				GCC_WARN_UNDECLARED_SELECTOR = YES;
				GCC_WARN_UNINITIALIZED_AUTOS = YES_AGGRESSIVE;
				GCC_WARN_UNUSED_FUNCTION = YES;
				GCC_WARN_UNUSED_VARIABLE = YES;
				IPHONEOS_DEPLOYMENT_TARGET = 10.3;
				MTL_ENABLE_DEBUG_INFO = NO;
				SDKROOT = iphoneos;
				SWIFT_OPTIMIZATION_LEVEL = "-Owholemodule";
				TARGETED_DEVICE_FAMILY = "1,2";
				VALIDATE_PRODUCT = YES;
			};
			name = Release;
		};
		4AC1FF0B1F2BB58200613334 /* Debug */ = {
			isa = XCBuildConfiguration;
			buildSettings = {
				ASSETCATALOG_COMPILER_APPICON_NAME = AppIcon;
				DEVELOPMENT_TEAM = XXXAJJ4LC9;
				INFOPLIST_FILE = MoreWithMaps/Info.plist;
				LD_RUNPATH_SEARCH_PATHS = "$(inherited) @executable_path/Frameworks";
				PRODUCT_BUNDLE_IDENTIFIER = com.gergusa.MoreWithMaps;
				PRODUCT_NAME = "$(TARGET_NAME)";
				SWIFT_VERSION = 3.0;
			};
			name = Debug;
		};
		4AC1FF0C1F2BB58200613334 /* Release */ = {
			isa = XCBuildConfiguration;
			buildSettings = {
				ASSETCATALOG_COMPILER_APPICON_NAME = AppIcon;
				DEVELOPMENT_TEAM = XXXAJJ4LC9;
				INFOPLIST_FILE = MoreWithMaps/Info.plist;
				LD_RUNPATH_SEARCH_PATHS = "$(inherited) @executable_path/Frameworks";
				PRODUCT_BUNDLE_IDENTIFIER = com.gergusa.MoreWithMaps;
				PRODUCT_NAME = "$(TARGET_NAME)";
				SWIFT_VERSION = 3.0;
			};
			name = Release;
		};
/* End XCBuildConfiguration section */

/* Begin XCConfigurationList section */
		4AC1FEF01F2BB58100613334 /* Build configuration list for PBXProject "MoreWithMaps" */ = {
			isa = XCConfigurationList;
			buildConfigurations = (
				4AC1FF081F2BB58200613334 /* Debug */,
				4AC1FF091F2BB58200613334 /* Release */,
			);
			defaultConfigurationIsVisible = 0;
			defaultConfigurationName = Release;
		};
		4AC1FF0A1F2BB58200613334 /* Build configuration list for PBXNativeTarget "MoreWithMaps" */ = {
			isa = XCConfigurationList;
			buildConfigurations = (
				4AC1FF0B1F2BB58200613334 /* Debug */,
				4AC1FF0C1F2BB58200613334 /* Release */,
			);
			defaultConfigurationIsVisible = 0;
		};
/* End XCConfigurationList section */

/* Begin XCVersionGroup section */
		4AC1FEFF1F2BB58100613334 /* MoreWithMaps.xcdatamodeld */ = {
			isa = XCVersionGroup;
			children = (
				4AC1FF001F2BB58100613334 /* MoreWithMaps.xcdatamodel */,
			);
			currentVersion = 4AC1FF001F2BB58100613334 /* MoreWithMaps.xcdatamodel */;
			path = MoreWithMaps.xcdatamodeld;
			sourceTree = "<group>";
			versionGroupType = wrapper.xcdatamodel;
		};
/* End XCVersionGroup section */
	};
	rootObject = 4AC1FEED1F2BB58100613334 /* Project object */;
}
