// !$*UTF8*$!
{
	archiveVersion = 1;
	classes = {
	};
	objectVersion = 46;
	objects = {

/* Begin PBXBuildFile section */
		4A0F61FE1F2FD5DC00BD358D /* AnnotationView.swift in Sources */ = {isa = PBXBuildFile; fileRef = 4A0F61FD1F2FD5DC00BD358D /* AnnotationView.swift */; };
		4A0F62001F30DB3E00BD358D /* DetailsViewController.swift in Sources */ = {isa = PBXBuildFile; fileRef = 4A0F61FF1F30DB3E00BD358D /* DetailsViewController.swift */; };
		4A0F62051F3273D400BD358D /* dropDownIcon.png in Resources */ = {isa = PBXBuildFile; fileRef = 4A0F62031F3273D400BD358D /* dropDownIcon.png */; };
		4A0F62061F3273D400BD358D /* dropUpIcon.png in Resources */ = {isa = PBXBuildFile; fileRef = 4A0F62041F3273D400BD358D /* dropUpIcon.png */; };
		4A0F620F1F3381D200BD358D /* craftVine.jpg in Resources */ = {isa = PBXBuildFile; fileRef = 4A0F62071F3381D200BD358D /* craftVine.jpg */; };
		4A0F62101F3381D200BD358D /* humaniTree.jpg in Resources */ = {isa = PBXBuildFile; fileRef = 4A0F62081F3381D200BD358D /* humaniTree.jpg */; };
		4A0F62111F3381D200BD358D /* mellowMushroom.jpg in Resources */ = {isa = PBXBuildFile; fileRef = 4A0F62091F3381D200BD358D /* mellowMushroom.jpg */; };
		4A0F62121F3381D200BD358D /* metro.jpg in Resources */ = {isa = PBXBuildFile; fileRef = 4A0F620A1F3381D200BD358D /* metro.jpg */; };
		4A0F62131F3381D200BD358D /* modInk.jpg in Resources */ = {isa = PBXBuildFile; fileRef = 4A0F620B1F3381D200BD358D /* modInk.jpg */; };
		4A0F62141F3381D200BD358D /* newMoon.jpg in Resources */ = {isa = PBXBuildFile; fileRef = 4A0F620C1F3381D200BD358D /* newMoon.jpg */; };
		4A0F62151F3381D200BD358D /* pizzaJoint.jpg in Resources */ = {isa = PBXBuildFile; fileRef = 4A0F620D1F3381D200BD358D /* pizzaJoint.jpg */; };
		4A0F62161F3381D200BD358D /* stillWater.jpg in Resources */ = {isa = PBXBuildFile; fileRef = 4A0F620E1F3381D200BD358D /* stillWater.jpg */; };
		4A4BD09C1F37B6AD0049B0C7 /* HelperFunctions.swift in Sources */ = {isa = PBXBuildFile; fileRef = 4A4BD09B1F37B6AD0049B0C7 /* HelperFunctions.swift */; };
		4A4BD09E1F38C95C0049B0C7 /* TestLocations.gpx in Resources */ = {isa = PBXBuildFile; fileRef = 4A4BD09D1F38C95B0049B0C7 /* TestLocations.gpx */; };
		4A4BD0A41F38F1F30049B0C7 /* Location3.gpx in Resources */ = {isa = PBXBuildFile; fileRef = 4A4BD0A31F38F1F30049B0C7 /* Location3.gpx */; };
		4A4BD0A61F38F4800049B0C7 /* Location2.gpx in Resources */ = {isa = PBXBuildFile; fileRef = 4A4BD0A51F38F4800049B0C7 /* Location2.gpx */; };
		4A6FE8CC1F3A4C0B0012CA50 /* AbbreviationsHelper.swift in Sources */ = {isa = PBXBuildFile; fileRef = 4A6FE8CB1F3A4C0B0012CA50 /* AbbreviationsHelper.swift */; };
		4A6FE8CE1F3B687A0012CA50 /* SearchBarFunctions.swift in Sources */ = {isa = PBXBuildFile; fileRef = 4A6FE8CD1F3B687A0012CA50 /* SearchBarFunctions.swift */; };
		4A6FE8D01F3B68F80012CA50 /* TableViewFunctions.swift in Sources */ = {isa = PBXBuildFile; fileRef = 4A6FE8CF1F3B68F80012CA50 /* TableViewFunctions.swift */; };
		4A6FE8D21F3B8AB10012CA50 /* GoogleService-Info.plist in Resources */ = {isa = PBXBuildFile; fileRef = 4A6FE8D11F3B8AB10012CA50 /* GoogleService-Info.plist */; };
		4A6FE9141F4237CD0012CA50 /* OldCodeForReviewViewController.swift in Sources */ = {isa = PBXBuildFile; fileRef = 4A6FE9131F4237CD0012CA50 /* OldCodeForReviewViewController.swift */; };
		4AC1FEF91F2BB58100613334 /* AppDelegate.swift in Sources */ = {isa = PBXBuildFile; fileRef = 4AC1FEF81F2BB58100613334 /* AppDelegate.swift */; };
		4AC1FEFB1F2BB58100613334 /* ViewController.swift in Sources */ = {isa = PBXBuildFile; fileRef = 4AC1FEFA1F2BB58100613334 /* ViewController.swift */; };
		4AC1FEFE1F2BB58100613334 /* Main.storyboard in Resources */ = {isa = PBXBuildFile; fileRef = 4AC1FEFC1F2BB58100613334 /* Main.storyboard */; };
		4AC1FF011F2BB58100613334 /* MoreWithMaps.xcdatamodeld in Sources */ = {isa = PBXBuildFile; fileRef = 4AC1FEFF1F2BB58100613334 /* MoreWithMaps.xcdatamodeld */; };
		4AC1FF031F2BB58200613334 /* Assets.xcassets in Resources */ = {isa = PBXBuildFile; fileRef = 4AC1FF021F2BB58200613334 /* Assets.xcassets */; };
		4AC1FF061F2BB58200613334 /* LaunchScreen.storyboard in Resources */ = {isa = PBXBuildFile; fileRef = 4AC1FF041F2BB58200613334 /* LaunchScreen.storyboard */; };
		4AC1FF0F1F2BB5CC00613334 /* MapKit.framework in Frameworks */ = {isa = PBXBuildFile; fileRef = 4AC1FF0E1F2BB5CC00613334 /* MapKit.framework */; };
		4AC1FF111F2BB9C400613334 /* CoreLocation.framework in Frameworks */ = {isa = PBXBuildFile; fileRef = 4AC1FF101F2BB9C400613334 /* CoreLocation.framework */; };
		4AC1FF131F2BBB0600613334 /* Utilities.swift in Sources */ = {isa = PBXBuildFile; fileRef = 4AC1FF121F2BBB0600613334 /* Utilities.swift */; };
		4AC1FF1F1F2E28E400613334 /* bigcity.png in Resources */ = {isa = PBXBuildFile; fileRef = 4AC1FF1E1F2E28E300613334 /* bigcity.png */; };
		4AC1FF211F2E28F300613334 /* citysquare.png in Resources */ = {isa = PBXBuildFile; fileRef = 4AC1FF201F2E28F300613334 /* citysquare.png */; };
		4AC1FF231F2E290D00613334 /* clock.png in Resources */ = {isa = PBXBuildFile; fileRef = 4AC1FF221F2E290D00613334 /* clock.png */; };
		4AC1FF291F2E292A00613334 /* fooddeliveryservice.png in Resources */ = {isa = PBXBuildFile; fileRef = 4AC1FF241F2E292A00613334 /* fooddeliveryservice.png */; };
		4AC1FF2A1F2E292A00613334 /* foodtruck.png in Resources */ = {isa = PBXBuildFile; fileRef = 4AC1FF251F2E292A00613334 /* foodtruck.png */; };
		4AC1FF2B1F2E292A00613334 /* icecream.png in Resources */ = {isa = PBXBuildFile; fileRef = 4AC1FF261F2E292A00613334 /* icecream.png */; };
		4AC1FF2C1F2E292A00613334 /* sandwich-2.png in Resources */ = {isa = PBXBuildFile; fileRef = 4AC1FF271F2E292A00613334 /* sandwich-2.png */; };
		4AC1FF2D1F2E292A00613334 /* takeaway.png in Resources */ = {isa = PBXBuildFile; fileRef = 4AC1FF281F2E292A00613334 /* takeaway.png */; };
		4AC1FF2F1F2E294500613334 /* footprint.png in Resources */ = {isa = PBXBuildFile; fileRef = 4AC1FF2E1F2E294500613334 /* footprint.png */; };
		4AC1FF311F2E295300613334 /* lighthouse-2.png in Resources */ = {isa = PBXBuildFile; fileRef = 4AC1FF301F2E295300613334 /* lighthouse-2.png */; };
		4AC1FF331F2E295F00613334 /* map.png in Resources */ = {isa = PBXBuildFile; fileRef = 4AC1FF321F2E295F00613334 /* map.png */; };
		4AC1FF351F2E29C100613334 /* jewishquarter.png in Resources */ = {isa = PBXBuildFile; fileRef = 4AC1FF341F2E29C100613334 /* jewishquarter.png */; };
		4AC1FF371F2E29E100613334 /* treasure_chest.png in Resources */ = {isa = PBXBuildFile; fileRef = 4AC1FF361F2E29E100613334 /* treasure_chest.png */; };
		4AC1FF391F2E29F100613334 /* smallcity.png in Resources */ = {isa = PBXBuildFile; fileRef = 4AC1FF381F2E29F100613334 /* smallcity.png */; };
		4AC1FF3B1F2E3E8E00613334 /* CustomAnnotat.swift in Sources */ = {isa = PBXBuildFile; fileRef = 4AC1FF3A1F2E3E8E00613334 /* CustomAnnotat.swift */; };
		4AC1FF3E1F2F909700613334 /* AugustaCell.swift in Sources */ = {isa = PBXBuildFile; fileRef = 4AC1FF3D1F2F909700613334 /* AugustaCell.swift */; };
		4AC1FF401F2F91D800613334 /* RefTableViewController.swift in Sources */ = {isa = PBXBuildFile; fileRef = 4AC1FF3F1F2F91D800613334 /* RefTableViewController.swift */; };
		4ADA960D1F4613A600F7F289 /* PharmacyMed.png in Resources */ = {isa = PBXBuildFile; fileRef = 4ADA960B1F4613A600F7F289 /* PharmacyMed.png */; };
		4ADA960E1F4613A600F7F289 /* PharmacySmall.png in Resources */ = {isa = PBXBuildFile; fileRef = 4ADA960C1F4613A600F7F289 /* PharmacySmall.png */; };
		4ADA96101F4613B100F7F289 /* Pharmacy1.png in Resources */ = {isa = PBXBuildFile; fileRef = 4ADA960F1F4613B100F7F289 /* Pharmacy1.png */; };
		4ADA96241F4619C100F7F289 /* landmark.png in Resources */ = {isa = PBXBuildFile; fileRef = 4ADA96111F4619C100F7F289 /* landmark.png */; };
		4ADA96251F4619C100F7F289 /* restroom.png in Resources */ = {isa = PBXBuildFile; fileRef = 4ADA96121F4619C100F7F289 /* restroom.png */; };
		4ADA96261F4619C100F7F289 /* trainStation.png in Resources */ = {isa = PBXBuildFile; fileRef = 4ADA96131F4619C100F7F289 /* trainStation.png */; };
		4ADA96271F4619C100F7F289 /* parking.png in Resources */ = {isa = PBXBuildFile; fileRef = 4ADA96141F4619C100F7F289 /* parking.png */; };
		4ADA96281F4619C100F7F289 /* school.png in Resources */ = {isa = PBXBuildFile; fileRef = 4ADA96151F4619C100F7F289 /* school.png */; };
		4ADA96291F4619C100F7F289 /* world.png in Resources */ = {isa = PBXBuildFile; fileRef = 4ADA96161F4619C100F7F289 /* world.png */; };
		4ADA962A1F4619C100F7F289 /* moneyBriefcase.png in Resources */ = {isa = PBXBuildFile; fileRef = 4ADA96171F4619C100F7F289 /* moneyBriefcase.png */; };
		4ADA962B1F4619C100F7F289 /* atm.png in Resources */ = {isa = PBXBuildFile; fileRef = 4ADA96181F4619C100F7F289 /* atm.png */; };
		4ADA962C1F4619C100F7F289 /* bank.png in Resources */ = {isa = PBXBuildFile; fileRef = 4ADA96191F4619C100F7F289 /* bank.png */; };
		4ADA962D1F4619C100F7F289 /* hamburger.png in Resources */ = {isa = PBXBuildFile; fileRef = 4ADA961A1F4619C100F7F289 /* hamburger.png */; };
		4ADA962E1F4619C100F7F289 /* dinnerPlate.png in Resources */ = {isa = PBXBuildFile; fileRef = 4ADA961B1F4619C100F7F289 /* dinnerPlate.png */; };
		4ADA962F1F4619C100F7F289 /* wine.png in Resources */ = {isa = PBXBuildFile; fileRef = 4ADA961C1F4619C100F7F289 /* wine.png */; };
		4ADA96301F4619C100F7F289 /* fancyDinner.png in Resources */ = {isa = PBXBuildFile; fileRef = 4ADA961D1F4619C100F7F289 /* fancyDinner.png */; };
		4ADA96311F4619C100F7F289 /* pizza.png in Resources */ = {isa = PBXBuildFile; fileRef = 4ADA961E1F4619C100F7F289 /* pizza.png */; };
		4ADA96321F4619C100F7F289 /* purse.png in Resources */ = {isa = PBXBuildFile; fileRef = 4ADA961F1F4619C100F7F289 /* purse.png */; };
		4ADA96331F4619C100F7F289 /* clothes.png in Resources */ = {isa = PBXBuildFile; fileRef = 4ADA96201F4619C100F7F289 /* clothes.png */; };
		4ADA96341F4619C100F7F289 /* business.png in Resources */ = {isa = PBXBuildFile; fileRef = 4ADA96211F4619C100F7F289 /* business.png */; };
		4ADA96351F4619C100F7F289 /* ambulance.png in Resources */ = {isa = PBXBuildFile; fileRef = 4ADA96221F4619C100F7F289 /* ambulance.png */; };
		4ADA96361F4619C100F7F289 /* doctor.png in Resources */ = {isa = PBXBuildFile; fileRef = 4ADA96231F4619C100F7F289 /* doctor.png */; };
		D590A039E76B315446A70747 /* Pods_MoreWithMaps.framework in Frameworks */ = {isa = PBXBuildFile; fileRef = 7D1636CCA99D478CAA1FB4DC /* Pods_MoreWithMaps.framework */; };
/* End PBXBuildFile section */

/* Begin PBXFileReference section */
		3EDD86E5216119161EB35A0D /* Pods-MoreWithMaps.release.xcconfig */ = {isa = PBXFileReference; includeInIndex = 1; lastKnownFileType = text.xcconfig; name = "Pods-MoreWithMaps.release.xcconfig"; path = "Pods/Target Support Files/Pods-MoreWithMaps/Pods-MoreWithMaps.release.xcconfig"; sourceTree = "<group>"; };
		4A0F61FD1F2FD5DC00BD358D /* AnnotationView.swift */ = {isa = PBXFileReference; fileEncoding = 4; lastKnownFileType = sourcecode.swift; path = AnnotationView.swift; sourceTree = "<group>"; };
		4A0F61FF1F30DB3E00BD358D /* DetailsViewController.swift */ = {isa = PBXFileReference; fileEncoding = 4; lastKnownFileType = sourcecode.swift; path = DetailsViewController.swift; sourceTree = "<group>"; };
		4A0F62031F3273D400BD358D /* dropDownIcon.png */ = {isa = PBXFileReference; lastKnownFileType = image.png; path = dropDownIcon.png; sourceTree = "<group>"; };
		4A0F62041F3273D400BD358D /* dropUpIcon.png */ = {isa = PBXFileReference; lastKnownFileType = image.png; path = dropUpIcon.png; sourceTree = "<group>"; };
		4A0F62071F3381D200BD358D /* craftVine.jpg */ = {isa = PBXFileReference; lastKnownFileType = image.jpeg; path = craftVine.jpg; sourceTree = "<group>"; };
		4A0F62081F3381D200BD358D /* humaniTree.jpg */ = {isa = PBXFileReference; lastKnownFileType = image.jpeg; path = humaniTree.jpg; sourceTree = "<group>"; };
		4A0F62091F3381D200BD358D /* mellowMushroom.jpg */ = {isa = PBXFileReference; lastKnownFileType = image.jpeg; path = mellowMushroom.jpg; sourceTree = "<group>"; };
		4A0F620A1F3381D200BD358D /* metro.jpg */ = {isa = PBXFileReference; lastKnownFileType = image.jpeg; path = metro.jpg; sourceTree = "<group>"; };
		4A0F620B1F3381D200BD358D /* modInk.jpg */ = {isa = PBXFileReference; lastKnownFileType = image.jpeg; path = modInk.jpg; sourceTree = "<group>"; };
		4A0F620C1F3381D200BD358D /* newMoon.jpg */ = {isa = PBXFileReference; lastKnownFileType = image.jpeg; path = newMoon.jpg; sourceTree = "<group>"; };
		4A0F620D1F3381D200BD358D /* pizzaJoint.jpg */ = {isa = PBXFileReference; lastKnownFileType = image.jpeg; path = pizzaJoint.jpg; sourceTree = "<group>"; };
		4A0F620E1F3381D200BD358D /* stillWater.jpg */ = {isa = PBXFileReference; lastKnownFileType = image.jpeg; path = stillWater.jpg; sourceTree = "<group>"; };
		4A4BD09B1F37B6AD0049B0C7 /* HelperFunctions.swift */ = {isa = PBXFileReference; fileEncoding = 4; lastKnownFileType = sourcecode.swift; path = HelperFunctions.swift; sourceTree = "<group>"; };
		4A4BD09D1F38C95B0049B0C7 /* TestLocations.gpx */ = {isa = PBXFileReference; fileEncoding = 4; lastKnownFileType = text.xml; path = TestLocations.gpx; sourceTree = "<group>"; };
		4A4BD0A31F38F1F30049B0C7 /* Location3.gpx */ = {isa = PBXFileReference; fileEncoding = 4; lastKnownFileType = text.xml; path = Location3.gpx; sourceTree = "<group>"; };
		4A4BD0A51F38F4800049B0C7 /* Location2.gpx */ = {isa = PBXFileReference; fileEncoding = 4; lastKnownFileType = text.xml; path = Location2.gpx; sourceTree = "<group>"; };
		4A6FE8CB1F3A4C0B0012CA50 /* AbbreviationsHelper.swift */ = {isa = PBXFileReference; fileEncoding = 4; lastKnownFileType = sourcecode.swift; path = AbbreviationsHelper.swift; sourceTree = "<group>"; };
		4A6FE8CD1F3B687A0012CA50 /* SearchBarFunctions.swift */ = {isa = PBXFileReference; fileEncoding = 4; lastKnownFileType = sourcecode.swift; path = SearchBarFunctions.swift; sourceTree = "<group>"; };
		4A6FE8CF1F3B68F80012CA50 /* TableViewFunctions.swift */ = {isa = PBXFileReference; fileEncoding = 4; lastKnownFileType = sourcecode.swift; path = TableViewFunctions.swift; sourceTree = "<group>"; };
		4A6FE8D11F3B8AB10012CA50 /* GoogleService-Info.plist */ = {isa = PBXFileReference; fileEncoding = 4; lastKnownFileType = text.plist.xml; path = "GoogleService-Info.plist"; sourceTree = "<group>"; };
		4A6FE9131F4237CD0012CA50 /* OldCodeForReviewViewController.swift */ = {isa = PBXFileReference; fileEncoding = 4; lastKnownFileType = sourcecode.swift; path = OldCodeForReviewViewController.swift; sourceTree = "<group>"; };
		4AC1FEF51F2BB58100613334 /* MoreWithMaps.app */ = {isa = PBXFileReference; explicitFileType = wrapper.application; includeInIndex = 0; path = MoreWithMaps.app; sourceTree = BUILT_PRODUCTS_DIR; };
		4AC1FEF81F2BB58100613334 /* AppDelegate.swift */ = {isa = PBXFileReference; lastKnownFileType = sourcecode.swift; path = AppDelegate.swift; sourceTree = "<group>"; };
		4AC1FEFA1F2BB58100613334 /* ViewController.swift */ = {isa = PBXFileReference; lastKnownFileType = sourcecode.swift; path = ViewController.swift; sourceTree = "<group>"; };
		4AC1FEFD1F2BB58100613334 /* Base */ = {isa = PBXFileReference; lastKnownFileType = file.storyboard; name = Base; path = Base.lproj/Main.storyboard; sourceTree = "<group>"; };
		4AC1FF001F2BB58100613334 /* MoreWithMaps.xcdatamodel */ = {isa = PBXFileReference; lastKnownFileType = wrapper.xcdatamodel; path = MoreWithMaps.xcdatamodel; sourceTree = "<group>"; };
		4AC1FF021F2BB58200613334 /* Assets.xcassets */ = {isa = PBXFileReference; lastKnownFileType = folder.assetcatalog; path = Assets.xcassets; sourceTree = "<group>"; };
		4AC1FF051F2BB58200613334 /* Base */ = {isa = PBXFileReference; lastKnownFileType = file.storyboard; name = Base; path = Base.lproj/LaunchScreen.storyboard; sourceTree = "<group>"; };
		4AC1FF071F2BB58200613334 /* Info.plist */ = {isa = PBXFileReference; lastKnownFileType = text.plist.xml; path = Info.plist; sourceTree = "<group>"; };
		4AC1FF0E1F2BB5CC00613334 /* MapKit.framework */ = {isa = PBXFileReference; lastKnownFileType = wrapper.framework; name = MapKit.framework; path = System/Library/Frameworks/MapKit.framework; sourceTree = SDKROOT; };
		4AC1FF101F2BB9C400613334 /* CoreLocation.framework */ = {isa = PBXFileReference; lastKnownFileType = wrapper.framework; name = CoreLocation.framework; path = System/Library/Frameworks/CoreLocation.framework; sourceTree = SDKROOT; };
		4AC1FF121F2BBB0600613334 /* Utilities.swift */ = {isa = PBXFileReference; fileEncoding = 4; lastKnownFileType = sourcecode.swift; path = Utilities.swift; sourceTree = "<group>"; };
		4AC1FF1E1F2E28E300613334 /* bigcity.png */ = {isa = PBXFileReference; lastKnownFileType = image.png; path = bigcity.png; sourceTree = "<group>"; };
		4AC1FF201F2E28F300613334 /* citysquare.png */ = {isa = PBXFileReference; lastKnownFileType = image.png; path = citysquare.png; sourceTree = "<group>"; };
		4AC1FF221F2E290D00613334 /* clock.png */ = {isa = PBXFileReference; lastKnownFileType = image.png; path = clock.png; sourceTree = "<group>"; };
		4AC1FF241F2E292A00613334 /* fooddeliveryservice.png */ = {isa = PBXFileReference; lastKnownFileType = image.png; path = fooddeliveryservice.png; sourceTree = "<group>"; };
		4AC1FF251F2E292A00613334 /* foodtruck.png */ = {isa = PBXFileReference; lastKnownFileType = image.png; path = foodtruck.png; sourceTree = "<group>"; };
		4AC1FF261F2E292A00613334 /* icecream.png */ = {isa = PBXFileReference; lastKnownFileType = image.png; path = icecream.png; sourceTree = "<group>"; };
		4AC1FF271F2E292A00613334 /* sandwich-2.png */ = {isa = PBXFileReference; lastKnownFileType = image.png; path = "sandwich-2.png"; sourceTree = "<group>"; };
		4AC1FF281F2E292A00613334 /* takeaway.png */ = {isa = PBXFileReference; lastKnownFileType = image.png; path = takeaway.png; sourceTree = "<group>"; };
		4AC1FF2E1F2E294500613334 /* footprint.png */ = {isa = PBXFileReference; lastKnownFileType = image.png; path = footprint.png; sourceTree = "<group>"; };
		4AC1FF301F2E295300613334 /* lighthouse-2.png */ = {isa = PBXFileReference; lastKnownFileType = image.png; path = "lighthouse-2.png"; sourceTree = "<group>"; };
		4AC1FF321F2E295F00613334 /* map.png */ = {isa = PBXFileReference; lastKnownFileType = image.png; path = map.png; sourceTree = "<group>"; };
		4AC1FF341F2E29C100613334 /* jewishquarter.png */ = {isa = PBXFileReference; lastKnownFileType = image.png; path = jewishquarter.png; sourceTree = "<group>"; };
		4AC1FF361F2E29E100613334 /* treasure_chest.png */ = {isa = PBXFileReference; lastKnownFileType = image.png; path = treasure_chest.png; sourceTree = "<group>"; };
		4AC1FF381F2E29F100613334 /* smallcity.png */ = {isa = PBXFileReference; lastKnownFileType = image.png; path = smallcity.png; sourceTree = "<group>"; };
		4AC1FF3A1F2E3E8E00613334 /* CustomAnnotat.swift */ = {isa = PBXFileReference; fileEncoding = 4; lastKnownFileType = sourcecode.swift; path = CustomAnnotat.swift; sourceTree = "<group>"; };
		4AC1FF3D1F2F909700613334 /* AugustaCell.swift */ = {isa = PBXFileReference; fileEncoding = 4; lastKnownFileType = sourcecode.swift; path = AugustaCell.swift; sourceTree = "<group>"; };
		4AC1FF3F1F2F91D800613334 /* RefTableViewController.swift */ = {isa = PBXFileReference; fileEncoding = 4; lastKnownFileType = sourcecode.swift; path = RefTableViewController.swift; sourceTree = "<group>"; };
		4ADA960B1F4613A600F7F289 /* PharmacyMed.png */ = {isa = PBXFileReference; lastKnownFileType = image.png; path = PharmacyMed.png; sourceTree = "<group>"; };
		4ADA960C1F4613A600F7F289 /* PharmacySmall.png */ = {isa = PBXFileReference; lastKnownFileType = image.png; path = PharmacySmall.png; sourceTree = "<group>"; };
		4ADA960F1F4613B100F7F289 /* Pharmacy1.png */ = {isa = PBXFileReference; lastKnownFileType = image.png; path = Pharmacy1.png; sourceTree = "<group>"; };
		4ADA96111F4619C100F7F289 /* landmark.png */ = {isa = PBXFileReference; lastKnownFileType = image.png; path = landmark.png; sourceTree = "<group>"; };
		4ADA96121F4619C100F7F289 /* restroom.png */ = {isa = PBXFileReference; lastKnownFileType = image.png; path = restroom.png; sourceTree = "<group>"; };
		4ADA96131F4619C100F7F289 /* trainStation.png */ = {isa = PBXFileReference; lastKnownFileType = image.png; path = trainStation.png; sourceTree = "<group>"; };
		4ADA96141F4619C100F7F289 /* parking.png */ = {isa = PBXFileReference; lastKnownFileType = image.png; path = parking.png; sourceTree = "<group>"; };
		4ADA96151F4619C100F7F289 /* school.png */ = {isa = PBXFileReference; lastKnownFileType = image.png; path = school.png; sourceTree = "<group>"; };
		4ADA96161F4619C100F7F289 /* world.png */ = {isa = PBXFileReference; lastKnownFileType = image.png; path = world.png; sourceTree = "<group>"; };
		4ADA96171F4619C100F7F289 /* moneyBriefcase.png */ = {isa = PBXFileReference; lastKnownFileType = image.png; path = moneyBriefcase.png; sourceTree = "<group>"; };
		4ADA96181F4619C100F7F289 /* atm.png */ = {isa = PBXFileReference; lastKnownFileType = image.png; path = atm.png; sourceTree = "<group>"; };
		4ADA96191F4619C100F7F289 /* bank.png */ = {isa = PBXFileReference; lastKnownFileType = image.png; path = bank.png; sourceTree = "<group>"; };
		4ADA961A1F4619C100F7F289 /* hamburger.png */ = {isa = PBXFileReference; lastKnownFileType = image.png; path = hamburger.png; sourceTree = "<group>"; };
		4ADA961B1F4619C100F7F289 /* dinnerPlate.png */ = {isa = PBXFileReference; lastKnownFileType = image.png; path = dinnerPlate.png; sourceTree = "<group>"; };
		4ADA961C1F4619C100F7F289 /* wine.png */ = {isa = PBXFileReference; lastKnownFileType = image.png; path = wine.png; sourceTree = "<group>"; };
		4ADA961D1F4619C100F7F289 /* fancyDinner.png */ = {isa = PBXFileReference; lastKnownFileType = image.png; path = fancyDinner.png; sourceTree = "<group>"; };
		4ADA961E1F4619C100F7F289 /* pizza.png */ = {isa = PBXFileReference; lastKnownFileType = image.png; path = pizza.png; sourceTree = "<group>"; };
		4ADA961F1F4619C100F7F289 /* purse.png */ = {isa = PBXFileReference; lastKnownFileType = image.png; path = purse.png; sourceTree = "<group>"; };
		4ADA96201F4619C100F7F289 /* clothes.png */ = {isa = PBXFileReference; lastKnownFileType = image.png; path = clothes.png; sourceTree = "<group>"; };
		4ADA96211F4619C100F7F289 /* business.png */ = {isa = PBXFileReference; lastKnownFileType = image.png; path = business.png; sourceTree = "<group>"; };
		4ADA96221F4619C100F7F289 /* ambulance.png */ = {isa = PBXFileReference; lastKnownFileType = image.png; path = ambulance.png; sourceTree = "<group>"; };
		4ADA96231F4619C100F7F289 /* doctor.png */ = {isa = PBXFileReference; lastKnownFileType = image.png; path = doctor.png; sourceTree = "<group>"; };
		7D1636CCA99D478CAA1FB4DC /* Pods_MoreWithMaps.framework */ = {isa = PBXFileReference; explicitFileType = wrapper.framework; includeInIndex = 0; path = Pods_MoreWithMaps.framework; sourceTree = BUILT_PRODUCTS_DIR; };
		CC525ADE8D71D62B4758BFE0 /* Pods-MoreWithMaps.debug.xcconfig */ = {isa = PBXFileReference; includeInIndex = 1; lastKnownFileType = text.xcconfig; name = "Pods-MoreWithMaps.debug.xcconfig"; path = "Pods/Target Support Files/Pods-MoreWithMaps/Pods-MoreWithMaps.debug.xcconfig"; sourceTree = "<group>"; };
/* End PBXFileReference section */

/* Begin PBXFrameworksBuildPhase section */
		4AC1FEF21F2BB58100613334 /* Frameworks */ = {
			isa = PBXFrameworksBuildPhase;
			buildActionMask = 2147483647;
			files = (
				4AC1FF111F2BB9C400613334 /* CoreLocation.framework in Frameworks */,
				4AC1FF0F1F2BB5CC00613334 /* MapKit.framework in Frameworks */,
				D590A039E76B315446A70747 /* Pods_MoreWithMaps.framework in Frameworks */,
			);
			runOnlyForDeploymentPostprocessing = 0;
		};
/* End PBXFrameworksBuildPhase section */

/* Begin PBXGroup section */
		4AC1FEEC1F2BB58100613334 = {
			isa = PBXGroup;
			children = (
				4AC1FEF71F2BB58100613334 /* MoreWithMaps */,
				4AC1FEF61F2BB58100613334 /* Products */,
				4AC1FF0D1F2BB5CC00613334 /* Frameworks */,
				F579C7BB1299104267A79E23 /* Pods */,
			);
			sourceTree = "<group>";
		};
		4AC1FEF61F2BB58100613334 /* Products */ = {
			isa = PBXGroup;
			children = (
				4AC1FEF51F2BB58100613334 /* MoreWithMaps.app */,
			);
			name = Products;
			sourceTree = "<group>";
		};
		4AC1FEF71F2BB58100613334 /* MoreWithMaps */ = {
			isa = PBXGroup;
			children = (
				4AC1FEF81F2BB58100613334 /* AppDelegate.swift */,
				4ADA96051F45EE8500F7F289 /* Reference */,
				4ADA96071F45EEC500F7F289 /* Models */,
				4ADA96081F45EEE900F7F289 /* Extensions */,
				4ADA96091F45EF0000F7F289 /* Controllers */,
				4ADA96061F45EEA100F7F289 /* Utilites */,
				4AC1FEFC1F2BB58100613334 /* Main.storyboard */,
				4AC1FF021F2BB58200613334 /* Assets.xcassets */,
				4AC1FF041F2BB58200613334 /* LaunchScreen.storyboard */,
				4ADA960A1F45EF1A00F7F289 /* GPSsamples */,
				4AC1FF071F2BB58200613334 /* Info.plist */,
				4A6FE8D11F3B8AB10012CA50 /* GoogleService-Info.plist */,
				4AC1FF3C1F2F8DB600613334 /* photos */,
				4AC1FEFF1F2BB58100613334 /* MoreWithMaps.xcdatamodeld */,
			);
			path = MoreWithMaps;
			sourceTree = "<group>";
		};
		4AC1FF0D1F2BB5CC00613334 /* Frameworks */ = {
			isa = PBXGroup;
			children = (
				4AC1FF101F2BB9C400613334 /* CoreLocation.framework */,
				4AC1FF0E1F2BB5CC00613334 /* MapKit.framework */,
				7D1636CCA99D478CAA1FB4DC /* Pods_MoreWithMaps.framework */,
			);
			name = Frameworks;
			sourceTree = "<group>";
		};
		4AC1FF3C1F2F8DB600613334 /* photos */ = {
			isa = PBXGroup;
			children = (
				4ADA960B1F4613A600F7F289 /* PharmacyMed.png */,
				4ADA960F1F4613B100F7F289 /* Pharmacy1.png */,
				4ADA960C1F4613A600F7F289 /* PharmacySmall.png */,
				4A0F62071F3381D200BD358D /* craftVine.jpg */,
				4A0F62081F3381D200BD358D /* humaniTree.jpg */,
				4A0F62091F3381D200BD358D /* mellowMushroom.jpg */,
				4A0F620A1F3381D200BD358D /* metro.jpg */,
				4A0F620B1F3381D200BD358D /* modInk.jpg */,
				4A0F620C1F3381D200BD358D /* newMoon.jpg */,
				4A0F620D1F3381D200BD358D /* pizzaJoint.jpg */,
				4A0F620E1F3381D200BD358D /* stillWater.jpg */,
				4A0F62031F3273D400BD358D /* dropDownIcon.png */,
				4A0F62041F3273D400BD358D /* dropUpIcon.png */,
				4AC1FF301F2E295300613334 /* lighthouse-2.png */,
				4AC1FF321F2E295F00613334 /* map.png */,
				4AC1FF2E1F2E294500613334 /* footprint.png */,
				4AC1FF241F2E292A00613334 /* fooddeliveryservice.png */,
				4AC1FF251F2E292A00613334 /* foodtruck.png */,
				4AC1FF261F2E292A00613334 /* icecream.png */,
				4AC1FF271F2E292A00613334 /* sandwich-2.png */,
				4AC1FF281F2E292A00613334 /* takeaway.png */,
				4AC1FF341F2E29C100613334 /* jewishquarter.png */,
				4AC1FF201F2E28F300613334 /* citysquare.png */,
				4AC1FF221F2E290D00613334 /* clock.png */,
				4AC1FF361F2E29E100613334 /* treasure_chest.png */,
				4AC1FF381F2E29F100613334 /* smallcity.png */,
				4AC1FF1E1F2E28E300613334 /* bigcity.png */,
				4ADA96111F4619C100F7F289 /* landmark.png */,
				4ADA96121F4619C100F7F289 /* restroom.png */,
				4ADA96131F4619C100F7F289 /* trainStation.png */,
				4ADA96141F4619C100F7F289 /* parking.png */,
				4ADA96151F4619C100F7F289 /* school.png */,
				4ADA96161F4619C100F7F289 /* world.png */,
				4ADA96171F4619C100F7F289 /* moneyBriefcase.png */,
				4ADA96181F4619C100F7F289 /* atm.png */,
				4ADA96191F4619C100F7F289 /* bank.png */,
				4ADA961A1F4619C100F7F289 /* hamburger.png */,
				4ADA961B1F4619C100F7F289 /* dinnerPlate.png */,
				4ADA961C1F4619C100F7F289 /* wine.png */,
				4ADA961D1F4619C100F7F289 /* fancyDinner.png */,
				4ADA961E1F4619C100F7F289 /* pizza.png */,
				4ADA961F1F4619C100F7F289 /* purse.png */,
				4ADA96201F4619C100F7F289 /* clothes.png */,
				4ADA96211F4619C100F7F289 /* business.png */,
				4ADA96221F4619C100F7F289 /* ambulance.png */,
				4ADA96231F4619C100F7F289 /* doctor.png */,
			);
			name = photos;
			sourceTree = "<group>";
		};
		4ADA96051F45EE8500F7F289 /* Reference */ = {
			isa = PBXGroup;
			children = (
				4AC1FF3F1F2F91D800613334 /* RefTableViewController.swift */,
				4A6FE9131F4237CD0012CA50 /* OldCodeForReviewViewController.swift */,
			);
			name = Reference;
			sourceTree = "<group>";
		};
		4ADA96061F45EEA100F7F289 /* Utilites */ = {
			isa = PBXGroup;
			children = (
				4AC1FF121F2BBB0600613334 /* Utilities.swift */,
			);
			name = Utilites;
			sourceTree = "<group>";
		};
		4ADA96071F45EEC500F7F289 /* Models */ = {
			isa = PBXGroup;
			children = (
				4AC1FF3A1F2E3E8E00613334 /* CustomAnnotat.swift */,
				4A6FE8CB1F3A4C0B0012CA50 /* AbbreviationsHelper.swift */,
				4A0F61FD1F2FD5DC00BD358D /* AnnotationView.swift */,
			);
			name = Models;
			sourceTree = "<group>";
		};
		4ADA96081F45EEE900F7F289 /* Extensions */ = {
			isa = PBXGroup;
			children = (
				4A6FE8CD1F3B687A0012CA50 /* SearchBarFunctions.swift */,
				4A6FE8CF1F3B68F80012CA50 /* TableViewFunctions.swift */,
				4A4BD09B1F37B6AD0049B0C7 /* HelperFunctions.swift */,
			);
			name = Extensions;
			sourceTree = "<group>";
		};
		4ADA96091F45EF0000F7F289 /* Controllers */ = {
			isa = PBXGroup;
			children = (
				4A0F61FF1F30DB3E00BD358D /* DetailsViewController.swift */,
				4AC1FF3D1F2F909700613334 /* AugustaCell.swift */,
				4AC1FEFA1F2BB58100613334 /* ViewController.swift */,
			);
			name = Controllers;
			sourceTree = "<group>";
		};
		4ADA960A1F45EF1A00F7F289 /* GPSsamples */ = {
			isa = PBXGroup;
			children = (
				4A4BD0A51F38F4800049B0C7 /* Location2.gpx */,
				4A4BD09D1F38C95B0049B0C7 /* TestLocations.gpx */,
				4A4BD0A31F38F1F30049B0C7 /* Location3.gpx */,
			);
			name = GPSsamples;
			sourceTree = "<group>";
		};
		F579C7BB1299104267A79E23 /* Pods */ = {
			isa = PBXGroup;
			children = (
				CC525ADE8D71D62B4758BFE0 /* Pods-MoreWithMaps.debug.xcconfig */,
				3EDD86E5216119161EB35A0D /* Pods-MoreWithMaps.release.xcconfig */,
			);
			name = Pods;
			sourceTree = "<group>";
		};
/* End PBXGroup section */

/* Begin PBXNativeTarget section */
		4AC1FEF41F2BB58100613334 /* MoreWithMaps */ = {
			isa = PBXNativeTarget;
			buildConfigurationList = 4AC1FF0A1F2BB58200613334 /* Build configuration list for PBXNativeTarget "MoreWithMaps" */;
			buildPhases = (
				F39F49075A509C287D5229CD /* [CP] Check Pods Manifest.lock */,
				4AC1FEF11F2BB58100613334 /* Sources */,
				4AC1FEF21F2BB58100613334 /* Frameworks */,
				4AC1FEF31F2BB58100613334 /* Resources */,
				A635593EDD08339ECB049C03 /* [CP] Embed Pods Frameworks */,
				0D2B96992383DF81AC202434 /* [CP] Copy Pods Resources */,
			);
			buildRules = (
			);
			dependencies = (
			);
			name = MoreWithMaps;
			productName = MoreWithMaps;
			productReference = 4AC1FEF51F2BB58100613334 /* MoreWithMaps.app */;
			productType = "com.apple.product-type.application";
		};
/* End PBXNativeTarget section */

/* Begin PBXProject section */
		4AC1FEED1F2BB58100613334 /* Project object */ = {
			isa = PBXProject;
			attributes = {
				LastSwiftUpdateCheck = 0830;
				LastUpgradeCheck = 0830;
				ORGANIZATIONNAME = gergusa;
				TargetAttributes = {
					4AC1FEF41F2BB58100613334 = {
						CreatedOnToolsVersion = 8.3.2;
						DevelopmentTeam = XXXAJJ4LC9;
						ProvisioningStyle = Automatic;
						SystemCapabilities = {
							com.apple.BackgroundModes = {
								enabled = 1;
							};
							com.apple.Maps.iOS = {
								enabled = 1;
							};
						};
					};
				};
			};
			buildConfigurationList = 4AC1FEF01F2BB58100613334 /* Build configuration list for PBXProject "MoreWithMaps" */;
			compatibilityVersion = "Xcode 3.2";
			developmentRegion = English;
			hasScannedForEncodings = 0;
			knownRegions = (
				en,
				Base,
			);
			mainGroup = 4AC1FEEC1F2BB58100613334;
			productRefGroup = 4AC1FEF61F2BB58100613334 /* Products */;
			projectDirPath = "";
			projectRoot = "";
			targets = (
				4AC1FEF41F2BB58100613334 /* MoreWithMaps */,
			);
		};
/* End PBXProject section */

/* Begin PBXResourcesBuildPhase section */
		4AC1FEF31F2BB58100613334 /* Resources */ = {
			isa = PBXResourcesBuildPhase;
			buildActionMask = 2147483647;
			files = (
				4ADA96271F4619C100F7F289 /* parking.png in Resources */,
				4AC1FF2B1F2E292A00613334 /* icecream.png in Resources */,
				4ADA96241F4619C100F7F289 /* landmark.png in Resources */,
				4ADA962E1F4619C100F7F289 /* dinnerPlate.png in Resources */,
				4AC1FF351F2E29C100613334 /* jewishquarter.png in Resources */,
				4ADA96101F4613B100F7F289 /* Pharmacy1.png in Resources */,
				4AC1FF2A1F2E292A00613334 /* foodtruck.png in Resources */,
				4A0F62151F3381D200BD358D /* pizzaJoint.jpg in Resources */,
				4AC1FF2F1F2E294500613334 /* footprint.png in Resources */,
				4A4BD0A61F38F4800049B0C7 /* Location2.gpx in Resources */,
				4AC1FF061F2BB58200613334 /* LaunchScreen.storyboard in Resources */,
				4AC1FF371F2E29E100613334 /* treasure_chest.png in Resources */,
				4ADA96281F4619C100F7F289 /* school.png in Resources */,
				4ADA96341F4619C100F7F289 /* business.png in Resources */,
				4AC1FF211F2E28F300613334 /* citysquare.png in Resources */,
				4AC1FF2D1F2E292A00613334 /* takeaway.png in Resources */,
				4A0F62101F3381D200BD358D /* humaniTree.jpg in Resources */,
				4ADA96261F4619C100F7F289 /* trainStation.png in Resources */,
				4ADA96321F4619C100F7F289 /* purse.png in Resources */,
				4A0F62141F3381D200BD358D /* newMoon.jpg in Resources */,
				4AC1FF311F2E295300613334 /* lighthouse-2.png in Resources */,
				4ADA96301F4619C100F7F289 /* fancyDinner.png in Resources */,
				4ADA960D1F4613A600F7F289 /* PharmacyMed.png in Resources */,
				4AC1FF331F2E295F00613334 /* map.png in Resources */,
				4ADA962C1F4619C100F7F289 /* bank.png in Resources */,
				4A0F62121F3381D200BD358D /* metro.jpg in Resources */,
				4A6FE8D21F3B8AB10012CA50 /* GoogleService-Info.plist in Resources */,
				4ADA96361F4619C100F7F289 /* doctor.png in Resources */,
				4A0F62111F3381D200BD358D /* mellowMushroom.jpg in Resources */,
				4ADA96311F4619C100F7F289 /* pizza.png in Resources */,
				4AC1FF031F2BB58200613334 /* Assets.xcassets in Resources */,
				4AC1FEFE1F2BB58100613334 /* Main.storyboard in Resources */,
				4AC1FF1F1F2E28E400613334 /* bigcity.png in Resources */,
				4ADA962F1F4619C100F7F289 /* wine.png in Resources */,
				4ADA96331F4619C100F7F289 /* clothes.png in Resources */,
				4A0F62061F3273D400BD358D /* dropUpIcon.png in Resources */,
				4ADA962A1F4619C100F7F289 /* moneyBriefcase.png in Resources */,
				4AC1FF291F2E292A00613334 /* fooddeliveryservice.png in Resources */,
				4ADA960E1F4613A600F7F289 /* PharmacySmall.png in Resources */,
				4ADA962B1F4619C100F7F289 /* atm.png in Resources */,
				4AC1FF231F2E290D00613334 /* clock.png in Resources */,
				4ADA96351F4619C100F7F289 /* ambulance.png in Resources */,
				4A0F62131F3381D200BD358D /* modInk.jpg in Resources */,
				4A4BD09E1F38C95C0049B0C7 /* TestLocations.gpx in Resources */,
				4AC1FF391F2E29F100613334 /* smallcity.png in Resources */,
				4A4BD0A41F38F1F30049B0C7 /* Location3.gpx in Resources */,
				4ADA962D1F4619C100F7F289 /* hamburger.png in Resources */,
				4AC1FF2C1F2E292A00613334 /* sandwich-2.png in Resources */,
				4A0F62161F3381D200BD358D /* stillWater.jpg in Resources */,
				4ADA96291F4619C100F7F289 /* world.png in Resources */,
				4A0F620F1F3381D200BD358D /* craftVine.jpg in Resources */,
				4ADA96251F4619C100F7F289 /* restroom.png in Resources */,
				4A0F62051F3273D400BD358D /* dropDownIcon.png in Resources */,
			);
			runOnlyForDeploymentPostprocessing = 0;
		};
/* End PBXResourcesBuildPhase section */

/* Begin PBXShellScriptBuildPhase section */
		0D2B96992383DF81AC202434 /* [CP] Copy Pods Resources */ = {
			isa = PBXShellScriptBuildPhase;
			buildActionMask = 2147483647;
			files = (
			);
			inputPaths = (
			);
			name = "[CP] Copy Pods Resources";
			outputPaths = (
			);
			runOnlyForDeploymentPostprocessing = 0;
			shellPath = /bin/sh;
			shellScript = "\"${SRCROOT}/Pods/Target Support Files/Pods-MoreWithMaps/Pods-MoreWithMaps-resources.sh\"\n";
			showEnvVarsInLog = 0;
		};
		A635593EDD08339ECB049C03 /* [CP] Embed Pods Frameworks */ = {
			isa = PBXShellScriptBuildPhase;
			buildActionMask = 2147483647;
			files = (
			);
			inputPaths = (
			);
			name = "[CP] Embed Pods Frameworks";
			outputPaths = (
			);
			runOnlyForDeploymentPostprocessing = 0;
			shellPath = /bin/sh;
			shellScript = "\"${SRCROOT}/Pods/Target Support Files/Pods-MoreWithMaps/Pods-MoreWithMaps-frameworks.sh\"\n";
			showEnvVarsInLog = 0;
		};
		F39F49075A509C287D5229CD /* [CP] Check Pods Manifest.lock */ = {
			isa = PBXShellScriptBuildPhase;
			buildActionMask = 2147483647;
			files = (
			);
			inputPaths = (
			);
			name = "[CP] Check Pods Manifest.lock";
			outputPaths = (
			);
			runOnlyForDeploymentPostprocessing = 0;
			shellPath = /bin/sh;
			shellScript = "diff \"${PODS_ROOT}/../Podfile.lock\" \"${PODS_ROOT}/Manifest.lock\" > /dev/null\nif [ $? != 0 ] ; then\n    # print error to STDERR\n    echo \"error: The sandbox is not in sync with the Podfile.lock. Run 'pod install' or update your CocoaPods installation.\" >&2\n    exit 1\nfi\n";
			showEnvVarsInLog = 0;
		};
/* End PBXShellScriptBuildPhase section */

/* Begin PBXSourcesBuildPhase section */
		4AC1FEF11F2BB58100613334 /* Sources */ = {
			isa = PBXSourcesBuildPhase;
			buildActionMask = 2147483647;
			files = (
				4AC1FEFB1F2BB58100613334 /* ViewController.swift in Sources */,
				4AC1FEF91F2BB58100613334 /* AppDelegate.swift in Sources */,
				4A0F62001F30DB3E00BD358D /* DetailsViewController.swift in Sources */,
				4AC1FF3E1F2F909700613334 /* AugustaCell.swift in Sources */,
				4A6FE8D01F3B68F80012CA50 /* TableViewFunctions.swift in Sources */,
				4A6FE8CC1F3A4C0B0012CA50 /* AbbreviationsHelper.swift in Sources */,
				4AC1FF131F2BBB0600613334 /* Utilities.swift in Sources */,
				4A4BD09C1F37B6AD0049B0C7 /* HelperFunctions.swift in Sources */,
				4AC1FF011F2BB58100613334 /* MoreWithMaps.xcdatamodeld in Sources */,
				4A0F61FE1F2FD5DC00BD358D /* AnnotationView.swift in Sources */,
				4AC1FF3B1F2E3E8E00613334 /* CustomAnnotat.swift in Sources */,
				4AC1FF401F2F91D800613334 /* RefTableViewController.swift in Sources */,
				4A6FE8CE1F3B687A0012CA50 /* SearchBarFunctions.swift in Sources */,
				4A6FE9141F4237CD0012CA50 /* OldCodeForReviewViewController.swift in Sources */,
			);
			runOnlyForDeploymentPostprocessing = 0;
		};
/* End PBXSourcesBuildPhase section */

/* Begin PBXVariantGroup section */
		4AC1FEFC1F2BB58100613334 /* Main.storyboard */ = {
			isa = PBXVariantGroup;
			children = (
				4AC1FEFD1F2BB58100613334 /* Base */,
			);
			name = Main.storyboard;
			sourceTree = "<group>";
		};
		4AC1FF041F2BB58200613334 /* LaunchScreen.storyboard */ = {
			isa = PBXVariantGroup;
			children = (
				4AC1FF051F2BB58200613334 /* Base */,
			);
			name = LaunchScreen.storyboard;
			sourceTree = "<group>";
		};
/* End PBXVariantGroup section */

/* Begin XCBuildConfiguration section */
		4AC1FF081F2BB58200613334 /* Debug */ = {
			isa = XCBuildConfiguration;
			buildSettings = {
				ALWAYS_SEARCH_USER_PATHS = NO;
				CLANG_ANALYZER_NONNULL = YES;
				CLANG_ANALYZER_NUMBER_OBJECT_CONVERSION = YES_AGGRESSIVE;
				CLANG_CXX_LANGUAGE_STANDARD = "gnu++0x";
				CLANG_CXX_LIBRARY = "libc++";
				CLANG_ENABLE_MODULES = YES;
				CLANG_ENABLE_OBJC_ARC = YES;
				CLANG_WARN_BOOL_CONVERSION = YES;
				CLANG_WARN_CONSTANT_CONVERSION = YES;
				CLANG_WARN_DIRECT_OBJC_ISA_USAGE = YES_ERROR;
				CLANG_WARN_DOCUMENTATION_COMMENTS = YES;
				CLANG_WARN_EMPTY_BODY = YES;
				CLANG_WARN_ENUM_CONVERSION = YES;
				CLANG_WARN_INFINITE_RECURSION = YES;
				CLANG_WARN_INT_CONVERSION = YES;
				CLANG_WARN_OBJC_ROOT_CLASS = YES_ERROR;
				CLANG_WARN_SUSPICIOUS_MOVE = YES;
				CLANG_WARN_UNREACHABLE_CODE = YES;
				CLANG_WARN__DUPLICATE_METHOD_MATCH = YES;
				"CODE_SIGN_IDENTITY[sdk=iphoneos*]" = "iPhone Developer";
				COPY_PHASE_STRIP = NO;
				DEBUG_INFORMATION_FORMAT = dwarf;
				ENABLE_STRICT_OBJC_MSGSEND = YES;
				ENABLE_TESTABILITY = YES;
				GCC_C_LANGUAGE_STANDARD = gnu99;
				GCC_DYNAMIC_NO_PIC = NO;
				GCC_NO_COMMON_BLOCKS = YES;
				GCC_OPTIMIZATION_LEVEL = 0;
				GCC_PREPROCESSOR_DEFINITIONS = (
					"DEBUG=1",
					"$(inherited)",
				);
				GCC_WARN_64_TO_32_BIT_CONVERSION = YES;
				GCC_WARN_ABOUT_RETURN_TYPE = YES_ERROR;
				GCC_WARN_UNDECLARED_SELECTOR = YES;
				GCC_WARN_UNINITIALIZED_AUTOS = YES_AGGRESSIVE;
				GCC_WARN_UNUSED_FUNCTION = YES;
				GCC_WARN_UNUSED_VARIABLE = YES;
				IPHONEOS_DEPLOYMENT_TARGET = 10.3;
				MTL_ENABLE_DEBUG_INFO = YES;
				ONLY_ACTIVE_ARCH = YES;
				SDKROOT = iphoneos;
				SWIFT_ACTIVE_COMPILATION_CONDITIONS = DEBUG;
				SWIFT_OPTIMIZATION_LEVEL = "-Onone";
				TARGETED_DEVICE_FAMILY = "1,2";
			};
			name = Debug;
		};
		4AC1FF091F2BB58200613334 /* Release */ = {
			isa = XCBuildConfiguration;
			buildSettings = {
				ALWAYS_SEARCH_USER_PATHS = NO;
				CLANG_ANALYZER_NONNULL = YES;
				CLANG_ANALYZER_NUMBER_OBJECT_CONVERSION = YES_AGGRESSIVE;
				CLANG_CXX_LANGUAGE_STANDARD = "gnu++0x";
				CLANG_CXX_LIBRARY = "libc++";
				CLANG_ENABLE_MODULES = YES;
				CLANG_ENABLE_OBJC_ARC = YES;
				CLANG_WARN_BOOL_CONVERSION = YES;
				CLANG_WARN_CONSTANT_CONVERSION = YES;
				CLANG_WARN_DIRECT_OBJC_ISA_USAGE = YES_ERROR;
				CLANG_WARN_DOCUMENTATION_COMMENTS = YES;
				CLANG_WARN_EMPTY_BODY = YES;
				CLANG_WARN_ENUM_CONVERSION = YES;
				CLANG_WARN_INFINITE_RECURSION = YES;
				CLANG_WARN_INT_CONVERSION = YES;
				CLANG_WARN_OBJC_ROOT_CLASS = YES_ERROR;
				CLANG_WARN_SUSPICIOUS_MOVE = YES;
				CLANG_WARN_UNREACHABLE_CODE = YES;
				CLANG_WARN__DUPLICATE_METHOD_MATCH = YES;
				"CODE_SIGN_IDENTITY[sdk=iphoneos*]" = "iPhone Developer";
				COPY_PHASE_STRIP = NO;
				DEBUG_INFORMATION_FORMAT = "dwarf-with-dsym";
				ENABLE_NS_ASSERTIONS = NO;
				ENABLE_STRICT_OBJC_MSGSEND = YES;
				GCC_C_LANGUAGE_STANDARD = gnu99;
				GCC_NO_COMMON_BLOCKS = YES;
				GCC_WARN_64_TO_32_BIT_CONVERSION = YES;
				GCC_WARN_ABOUT_RETURN_TYPE = YES_ERROR;
				GCC_WARN_UNDECLARED_SELECTOR = YES;
				GCC_WARN_UNINITIALIZED_AUTOS = YES_AGGRESSIVE;
				GCC_WARN_UNUSED_FUNCTION = YES;
				GCC_WARN_UNUSED_VARIABLE = YES;
				IPHONEOS_DEPLOYMENT_TARGET = 10.3;
				MTL_ENABLE_DEBUG_INFO = NO;
				SDKROOT = iphoneos;
				SWIFT_OPTIMIZATION_LEVEL = "-Owholemodule";
				TARGETED_DEVICE_FAMILY = "1,2";
				VALIDATE_PRODUCT = YES;
			};
			name = Release;
		};
		4AC1FF0B1F2BB58200613334 /* Debug */ = {
			isa = XCBuildConfiguration;
			baseConfigurationReference = CC525ADE8D71D62B4758BFE0 /* Pods-MoreWithMaps.debug.xcconfig */;
			buildSettings = {
				ASSETCATALOG_COMPILER_APPICON_NAME = AppIcon;
				DEVELOPMENT_TEAM = XXXAJJ4LC9;
				INFOPLIST_FILE = MoreWithMaps/Info.plist;
				LD_RUNPATH_SEARCH_PATHS = "$(inherited) @executable_path/Frameworks";
				PRODUCT_BUNDLE_IDENTIFIER = com.gergusa.MoreWithMaps;
				PRODUCT_NAME = "$(TARGET_NAME)";
				SWIFT_VERSION = 3.0;
			};
			name = Debug;
		};
		4AC1FF0C1F2BB58200613334 /* Release */ = {
			isa = XCBuildConfiguration;
			baseConfigurationReference = 3EDD86E5216119161EB35A0D /* Pods-MoreWithMaps.release.xcconfig */;
			buildSettings = {
				ASSETCATALOG_COMPILER_APPICON_NAME = AppIcon;
				DEVELOPMENT_TEAM = XXXAJJ4LC9;
				INFOPLIST_FILE = MoreWithMaps/Info.plist;
				LD_RUNPATH_SEARCH_PATHS = "$(inherited) @executable_path/Frameworks";
				PRODUCT_BUNDLE_IDENTIFIER = com.gergusa.MoreWithMaps;
				PRODUCT_NAME = "$(TARGET_NAME)";
				SWIFT_VERSION = 3.0;
			};
			name = Release;
		};
/* End XCBuildConfiguration section */

/* Begin XCConfigurationList section */
		4AC1FEF01F2BB58100613334 /* Build configuration list for PBXProject "MoreWithMaps" */ = {
			isa = XCConfigurationList;
			buildConfigurations = (
				4AC1FF081F2BB58200613334 /* Debug */,
				4AC1FF091F2BB58200613334 /* Release */,
			);
			defaultConfigurationIsVisible = 0;
			defaultConfigurationName = Release;
		};
		4AC1FF0A1F2BB58200613334 /* Build configuration list for PBXNativeTarget "MoreWithMaps" */ = {
			isa = XCConfigurationList;
			buildConfigurations = (
				4AC1FF0B1F2BB58200613334 /* Debug */,
				4AC1FF0C1F2BB58200613334 /* Release */,
			);
			defaultConfigurationIsVisible = 0;
			defaultConfigurationName = Release;
		};
/* End XCConfigurationList section */

/* Begin XCVersionGroup section */
		4AC1FEFF1F2BB58100613334 /* MoreWithMaps.xcdatamodeld */ = {
			isa = XCVersionGroup;
			children = (
				4AC1FF001F2BB58100613334 /* MoreWithMaps.xcdatamodel */,
			);
			currentVersion = 4AC1FF001F2BB58100613334 /* MoreWithMaps.xcdatamodel */;
			path = MoreWithMaps.xcdatamodeld;
			sourceTree = "<group>";
			versionGroupType = wrapper.xcdatamodel;
		};
/* End XCVersionGroup section */
	};
	rootObject = 4AC1FEED1F2BB58100613334 /* Project object */;
}
